
Microsoft Visual Studio Solution File, Format Version 12.00
# Visual Studio Version 17
VisualStudioVersion = 17.0.31903.59
MinimumVisualStudioVersion = 10.0.40219.1
Project("{FAE04EC0-301F-11D3-BF4B-00C04F79EFBC}") = "API", "API\API.csproj", "{25D1C8C0-4A8F-494F-B211-747273817440}"
EndProject
Project("{FAE04EC0-301F-11D3-BF4B-00C04F79EFBC}") = "Core", "Core\Core.csproj", "{C42B16AF-2E38-43A4-A39F-6C593396B560}"
EndProject
Project("{FAE04EC0-301F-11D3-BF4B-00C04F79EFBC}") = "Infrastructure", "Infrastructure\Infrastructure.csproj", "{A61BC4F9-0613-439E-9954-569EDC2B8387}"
EndProject
Global
	GlobalSection(SolutionConfigurationPlatforms) = preSolution
		Debug|Any CPU = Debug|Any CPU
		Release|Any CPU = Release|Any CPU
	EndGlobalSection
	GlobalSection(SolutionProperties) = preSolution
		HideSolutionNode = FALSE
	EndGlobalSection
	GlobalSection(ProjectConfigurationPlatforms) = postSolution
		{25D1C8C0-4A8F-494F-B211-747273817440}.Debug|Any CPU.ActiveCfg = Debug|Any CPU
		{25D1C8C0-4A8F-494F-B211-747273817440}.Debug|Any CPU.Build.0 = Debug|Any CPU
		{25D1C8C0-4A8F-494F-B211-747273817440}.Release|Any CPU.ActiveCfg = Release|Any CPU
		{25D1C8C0-4A8F-494F-B211-747273817440}.Release|Any CPU.Build.0 = Release|Any CPU
		{C42B16AF-2E38-43A4-A39F-6C593396B560}.Debug|Any CPU.ActiveCfg = Debug|Any CPU
		{C42B16AF-2E38-43A4-A39F-6C593396B560}.Debug|Any CPU.Build.0 = Debug|Any CPU
		{C42B16AF-2E38-43A4-A39F-6C593396B560}.Release|Any CPU.ActiveCfg = Release|Any CPU
		{C42B16AF-2E38-43A4-A39F-6C593396B560}.Release|Any CPU.Build.0 = Release|Any CPU
		{A61BC4F9-0613-439E-9954-569EDC2B8387}.Debug|Any CPU.ActiveCfg = Debug|Any CPU
		{A61BC4F9-0613-439E-9954-569EDC2B8387}.Debug|Any CPU.Build.0 = Debug|Any CPU
		{A61BC4F9-0613-439E-9954-569EDC2B8387}.Release|Any CPU.ActiveCfg = Release|Any CPU
		{A61BC4F9-0613-439E-9954-569EDC2B8387}.Release|Any CPU.Build.0 = Release|Any CPU
	EndGlobalSection
EndGlobal
